{
  "version": "1",
  "sources": {
    "nixpkgs": {
      "type": "GitHub",
      "fetchType": "tarball",
      "owner": "NixOS",
      "repo": "nixpkgs",
      "branch": "nixos-unstable",
      "revision": "a799d3e3886da994fa307f817a6bc705ae538eeb",
      "url": "https://github.com/NixOS/nixpkgs/archive/a799d3e3886da994fa307f817a6bc705ae538eeb.tar.gz",
      "hash": "sha256-3av0pIjlOWQ6rDbNOmpUSvbNnJkGORQKKjb4LtCZsIY="
    }
  }
}
